// !$*UTF8*$!
{
	archiveVersion = 1;
	classes = {
	};
	objectVersion = 50;
	objects = {

/* Begin PBXBuildFile section */
		3135B02625109B6E00AA050E /* main.swift in Sources */ = {isa = PBXBuildFile; fileRef = 3135B02525109B6E00AA050E /* main.swift */; };
		3135B02D25109EDF00AA050E /* TestContainer.swift in Sources */ = {isa = PBXBuildFile; fileRef = 3135B02C25109EDF00AA050E /* TestContainer.swift */; };
		3135B02F25109FBD00AA050E /* TestClass.swift in Sources */ = {isa = PBXBuildFile; fileRef = 3135B02E25109FBD00AA050E /* TestClass.swift */; };
		3135B0312510A0CB00AA050E /* SortedArray.swift in Sources */ = {isa = PBXBuildFile; fileRef = 3135B0302510A0CB00AA050E /* SortedArray.swift */; };
		3135B0332510A4E300AA050E /* SortedList.swift in Sources */ = {isa = PBXBuildFile; fileRef = 3135B0322510A4E300AA050E /* SortedList.swift */; };
/* End PBXBuildFile section */

/* Begin PBXCopyFilesBuildPhase section */
		3135B02025109B6E00AA050E /* CopyFiles */ = {
			isa = PBXCopyFilesBuildPhase;
			buildActionMask = 2147483647;
			dstPath = /usr/share/man/man1/;
			dstSubfolderSpec = 0;
			files = (
			);
			runOnlyForDeploymentPostprocessing = 1;
		};
/* End PBXCopyFilesBuildPhase section */

/* Begin PBXFileReference section */
		3135B02225109B6E00AA050E /* SwiftListArrayComparison */ = {isa = PBXFileReference; explicitFileType = "compiled.mach-o.executable"; includeInIndex = 0; path = SwiftListArrayComparison; sourceTree = BUILT_PRODUCTS_DIR; };
		3135B02525109B6E00AA050E /* main.swift */ = {isa = PBXFileReference; lastKnownFileType = sourcecode.swift; path = main.swift; sourceTree = "<group>"; };
		3135B02C25109EDF00AA050E /* TestContainer.swift */ = {isa = PBXFileReference; lastKnownFileType = sourcecode.swift; path = TestContainer.swift; sourceTree = "<group>"; };
		3135B02E25109FBD00AA050E /* TestClass.swift */ = {isa = PBXFileReference; lastKnownFileType = sourcecode.swift; path = TestClass.swift; sourceTree = "<group>"; };
		3135B0302510A0CB00AA050E /* SortedArray.swift */ = {isa = PBXFileReference; lastKnownFileType = sourcecode.swift; path = SortedArray.swift; sourceTree = "<group>"; };
		3135B0322510A4E300AA050E /* SortedList.swift */ = {isa = PBXFileReference; lastKnownFileType = sourcecode.swift; path = SortedList.swift; sourceTree = "<group>"; };
		86C3590B2539D2AB001DEC10 /* MainConfig.xcconfig */ = {isa = PBXFileReference; lastKnownFileType = text.xcconfig; path = MainConfig.xcconfig; sourceTree = "<group>"; };
/* End PBXFileReference section */

/* Begin PBXFrameworksBuildPhase section */
		3135B01F25109B6E00AA050E /* Frameworks */ = {
			isa = PBXFrameworksBuildPhase;
			buildActionMask = 2147483647;
			files = (
			);
			runOnlyForDeploymentPostprocessing = 0;
		};
/* End PBXFrameworksBuildPhase section */

/* Begin PBXGroup section */
		3135B01925109B6E00AA050E = {
			isa = PBXGroup;
			children = (
				86C3590A2539D291001DEC10 /* BuildConfig */,
				3135B02425109B6E00AA050E /* SwiftListArrayComparison */,
				3135B02325109B6E00AA050E /* Products */,
			);
			sourceTree = "<group>";
		};
		3135B02325109B6E00AA050E /* Products */ = {
			isa = PBXGroup;
			children = (
				3135B02225109B6E00AA050E /* SwiftListArrayComparison */,
			);
			name = Products;
			sourceTree = "<group>";
		};
		3135B02425109B6E00AA050E /* SwiftListArrayComparison */ = {
			isa = PBXGroup;
			children = (
				3135B02525109B6E00AA050E /* main.swift */,
				3135B02C25109EDF00AA050E /* TestContainer.swift */,
				3135B02E25109FBD00AA050E /* TestClass.swift */,
				3135B0302510A0CB00AA050E /* SortedArray.swift */,
				3135B0322510A4E300AA050E /* SortedList.swift */,
			);
			path = SwiftListArrayComparison;
			sourceTree = "<group>";
		};
		86C3590A2539D291001DEC10 /* BuildConfig */ = {
			isa = PBXGroup;
			children = (
				86C3590B2539D2AB001DEC10 /* MainConfig.xcconfig */,
			);
			path = BuildConfig;
			sourceTree = "<group>";
		};
/* End PBXGroup section */

/* Begin PBXNativeTarget section */
		3135B02125109B6E00AA050E /* SwiftListArrayComparison */ = {
			isa = PBXNativeTarget;
			buildConfigurationList = 3135B02925109B6E00AA050E /* Build configuration list for PBXNativeTarget "SwiftListArrayComparison" */;
			buildPhases = (
				3135B01E25109B6E00AA050E /* Sources */,
				3135B01F25109B6E00AA050E /* Frameworks */,
				3135B02025109B6E00AA050E /* CopyFiles */,
			);
			buildRules = (
			);
			dependencies = (
			);
			name = SwiftListArrayComparison;
			productName = SwiftListArrayComparison;
			productReference = 3135B02225109B6E00AA050E /* SwiftListArrayComparison */;
			productType = "com.apple.product-type.tool";
		};
/* End PBXNativeTarget section */

/* Begin PBXProject section */
		3135B01A25109B6E00AA050E /* Project object */ = {
			isa = PBXProject;
			attributes = {
				LastSwiftUpdateCheck = 1200;
				LastUpgradeCheck = 1200;
				TargetAttributes = {
					3135B02125109B6E00AA050E = {
						CreatedOnToolsVersion = 12.0;
					};
				};
			};
			buildConfigurationList = 3135B01D25109B6E00AA050E /* Build configuration list for PBXProject "SwiftListArrayComparison" */;
			compatibilityVersion = "Xcode 9.3";
			developmentRegion = en;
			hasScannedForEncodings = 0;
			knownRegions = (
				en,
				Base,
			);
			mainGroup = 3135B01925109B6E00AA050E;
			productRefGroup = 3135B02325109B6E00AA050E /* Products */;
			projectDirPath = "";
			projectRoot = "";
			targets = (
				3135B02125109B6E00AA050E /* SwiftListArrayComparison */,
			);
		};
/* End PBXProject section */

/* Begin PBXSourcesBuildPhase section */
		3135B01E25109B6E00AA050E /* Sources */ = {
			isa = PBXSourcesBuildPhase;
			buildActionMask = 2147483647;
			files = (
				3135B0332510A4E300AA050E /* SortedList.swift in Sources */,
				3135B0312510A0CB00AA050E /* SortedArray.swift in Sources */,
				3135B02625109B6E00AA050E /* main.swift in Sources */,
				3135B02F25109FBD00AA050E /* TestClass.swift in Sources */,
				3135B02D25109EDF00AA050E /* TestContainer.swift in Sources */,
			);
			runOnlyForDeploymentPostprocessing = 0;
		};
/* End PBXSourcesBuildPhase section */

/* Begin XCBuildConfiguration section */
		3135B02725109B6E00AA050E /* Debug */ = {
			isa = XCBuildConfiguration;
			buildSettings = {
				ALWAYS_SEARCH_USER_PATHS = NO;
				CLANG_ANALYZER_NONNULL = YES;
				CLANG_ANALYZER_NUMBER_OBJECT_CONVERSION = YES_AGGRESSIVE;
				CLANG_CXX_LANGUAGE_STANDARD = "gnu++14";
				CLANG_CXX_LIBRARY = "libc++";
				CLANG_ENABLE_MODULES = YES;
				CLANG_ENABLE_OBJC_ARC = YES;
				CLANG_ENABLE_OBJC_WEAK = YES;
				CLANG_WARN_BLOCK_CAPTURE_AUTORELEASING = YES;
				CLANG_WARN_BOOL_CONVERSION = YES;
				CLANG_WARN_COMMA = YES;
				CLANG_WARN_CONSTANT_CONVERSION = YES;
				CLANG_WARN_DEPRECATED_OBJC_IMPLEMENTATIONS = YES;
				CLANG_WARN_DIRECT_OBJC_ISA_USAGE = YES_ERROR;
				CLANG_WARN_DOCUMENTATION_COMMENTS = YES;
				CLANG_WARN_EMPTY_BODY = YES;
				CLANG_WARN_ENUM_CONVERSION = YES;
				CLANG_WARN_INFINITE_RECURSION = YES;
				CLANG_WARN_INT_CONVERSION = YES;
				CLANG_WARN_NON_LITERAL_NULL_CONVERSION = YES;
				CLANG_WARN_OBJC_IMPLICIT_RETAIN_SELF = YES;
				CLANG_WARN_OBJC_LITERAL_CONVERSION = YES;
				CLANG_WARN_OBJC_ROOT_CLASS = YES_ERROR;
				CLANG_WARN_QUOTED_INCLUDE_IN_FRAMEWORK_HEADER = YES;
				CLANG_WARN_RANGE_LOOP_ANALYSIS = YES;
				CLANG_WARN_STRICT_PROTOTYPES = YES;
				CLANG_WARN_SUSPICIOUS_MOVE = YES;
				CLANG_WARN_UNGUARDED_AVAILABILITY = YES_AGGRESSIVE;
				CLANG_WARN_UNREACHABLE_CODE = YES;
				CLANG_WARN__DUPLICATE_METHOD_MATCH = YES;
				COPY_PHASE_STRIP = NO;
				DEBUG_INFORMATION_FORMAT = dwarf;
				ENABLE_STRICT_OBJC_MSGSEND = YES;
				ENABLE_TESTABILITY = YES;
				GCC_C_LANGUAGE_STANDARD = gnu11;
				GCC_DYNAMIC_NO_PIC = NO;
				GCC_NO_COMMON_BLOCKS = YES;
				GCC_OPTIMIZATION_LEVEL = 0;
				GCC_PREPROCESSOR_DEFINITIONS = (
					"DEBUG=1",
					"$(inherited)",
				);
				GCC_WARN_64_TO_32_BIT_CONVERSION = YES;
				GCC_WARN_ABOUT_RETURN_TYPE = YES_ERROR;
				GCC_WARN_UNDECLARED_SELECTOR = YES;
				GCC_WARN_UNINITIALIZED_AUTOS = YES_AGGRESSIVE;
				GCC_WARN_UNUSED_FUNCTION = YES;
				GCC_WARN_UNUSED_VARIABLE = YES;
				MACOSX_DEPLOYMENT_TARGET = 10.15;
				MTL_ENABLE_DEBUG_INFO = INCLUDE_SOURCE;
				MTL_FAST_MATH = YES;
				ONLY_ACTIVE_ARCH = YES;
				SDKROOT = macosx;
				SWIFT_ACTIVE_COMPILATION_CONDITIONS = DEBUG;
				SWIFT_OPTIMIZATION_LEVEL = "-Onone";
			};
			name = Debug;
		};
		3135B02825109B6E00AA050E /* Release */ = {
			isa = XCBuildConfiguration;
			buildSettings = {
				ALWAYS_SEARCH_USER_PATHS = NO;
				CLANG_ANALYZER_NONNULL = YES;
				CLANG_ANALYZER_NUMBER_OBJECT_CONVERSION = YES_AGGRESSIVE;
				CLANG_CXX_LANGUAGE_STANDARD = "gnu++14";
				CLANG_CXX_LIBRARY = "libc++";
				CLANG_ENABLE_MODULES = YES;
				CLANG_ENABLE_OBJC_ARC = YES;
				CLANG_ENABLE_OBJC_WEAK = YES;
				CLANG_WARN_BLOCK_CAPTURE_AUTORELEASING = YES;
				CLANG_WARN_BOOL_CONVERSION = YES;
				CLANG_WARN_COMMA = YES;
				CLANG_WARN_CONSTANT_CONVERSION = YES;
				CLANG_WARN_DEPRECATED_OBJC_IMPLEMENTATIONS = YES;
				CLANG_WARN_DIRECT_OBJC_ISA_USAGE = YES_ERROR;
				CLANG_WARN_DOCUMENTATION_COMMENTS = YES;
				CLANG_WARN_EMPTY_BODY = YES;
				CLANG_WARN_ENUM_CONVERSION = YES;
				CLANG_WARN_INFINITE_RECURSION = YES;
				CLANG_WARN_INT_CONVERSION = YES;
				CLANG_WARN_NON_LITERAL_NULL_CONVERSION = YES;
				CLANG_WARN_OBJC_IMPLICIT_RETAIN_SELF = YES;
				CLANG_WARN_OBJC_LITERAL_CONVERSION = YES;
				CLANG_WARN_OBJC_ROOT_CLASS = YES_ERROR;
				CLANG_WARN_QUOTED_INCLUDE_IN_FRAMEWORK_HEADER = YES;
				CLANG_WARN_RANGE_LOOP_ANALYSIS = YES;
				CLANG_WARN_STRICT_PROTOTYPES = YES;
				CLANG_WARN_SUSPICIOUS_MOVE = YES;
				CLANG_WARN_UNGUARDED_AVAILABILITY = YES_AGGRESSIVE;
				CLANG_WARN_UNREACHABLE_CODE = YES;
				CLANG_WARN__DUPLICATE_METHOD_MATCH = YES;
				COPY_PHASE_STRIP = NO;
				DEBUG_INFORMATION_FORMAT = "dwarf-with-dsym";
				ENABLE_NS_ASSERTIONS = NO;
				ENABLE_STRICT_OBJC_MSGSEND = YES;
				GCC_C_LANGUAGE_STANDARD = gnu11;
				GCC_NO_COMMON_BLOCKS = YES;
				GCC_WARN_64_TO_32_BIT_CONVERSION = YES;
				GCC_WARN_ABOUT_RETURN_TYPE = YES_ERROR;
				GCC_WARN_UNDECLARED_SELECTOR = YES;
				GCC_WARN_UNINITIALIZED_AUTOS = YES_AGGRESSIVE;
				GCC_WARN_UNUSED_FUNCTION = YES;
				GCC_WARN_UNUSED_VARIABLE = YES;
				MACOSX_DEPLOYMENT_TARGET = 10.15;
				MTL_ENABLE_DEBUG_INFO = NO;
				MTL_FAST_MATH = YES;
				SDKROOT = macosx;
				SWIFT_COMPILATION_MODE = wholemodule;
				SWIFT_OPTIMIZATION_LEVEL = "-O";
			};
			name = Release;
		};
		3135B02A25109B6E00AA050E /* Debug */ = {
			isa = XCBuildConfiguration;
			buildSettings = {
				CODE_SIGN_STYLE = Automatic;
				DEVELOPMENT_TEAM = "$(inherited)";
				ENABLE_HARDENED_RUNTIME = YES;
				PRODUCT_NAME = "$(TARGET_NAME)";
				SWIFT_VERSION = 5.0;
			};
			name = Debug;
		};
		3135B02B25109B6E00AA050E /* Release */ = {
			isa = XCBuildConfiguration;
			buildSettings = {
				CODE_SIGN_STYLE = Automatic;
				DEVELOPMENT_TEAM = "$(inherited)";
				ENABLE_HARDENED_RUNTIME = YES;
				PRODUCT_NAME = "$(TARGET_NAME)";
				SWIFT_VERSION = 5.0;
			};
			name = Release;
		};
/* End XCBuildConfiguration section */

/* Begin XCConfigurationList section */
		3135B01D25109B6E00AA050E /* Build configuration list for PBXProject "SwiftListArrayComparison" */ = {
			isa = XCConfigurationList;
			buildConfigurations = (
				3135B02725109B6E00AA050E /* Debug */,
				3135B02825109B6E00AA050E /* Release */,
			);
			defaultConfigurationIsVisible = 0;
			defaultConfigurationName = Release;
		};
		3135B02925109B6E00AA050E /* Build configuration list for PBXNativeTarget "SwiftListArrayComparison" */ = {
			isa = XCConfigurationList;
			buildConfigurations = (
				3135B02A25109B6E00AA050E /* Debug */,
				3135B02B25109B6E00AA050E /* Release */,
			);
			defaultConfigurationIsVisible = 0;
			defaultConfigurationName = Release;
		};
/* End XCConfigurationList section */
	};
	rootObject = 3135B01A25109B6E00AA050E /* Project object */;
}
